
Microsoft Visual Studio Solution File, Format Version 12.00
# Visual Studio 15
VisualStudioVersion = 15.0.27428.2043
MinimumVisualStudioVersion = 10.0.40219.1
Project("{FAE04EC0-301F-11D3-BF4B-00C04F79EFBC}") = "webasp", "webasp\webasp.csproj", "{363883B2-8384-4595-9335-ECECE5E4BEC0}"
EndProject
Global
	GlobalSection(SolutionConfigurationPlatforms) = preSolution
		Debug|Any CPU = Debug|Any CPU
		Release|Any CPU = Release|Any CPU
	EndGlobalSection
	GlobalSection(ProjectConfigurationPlatforms) = postSolution
		{363883B2-8384-4595-9335-ECECE5E4BEC0}.Debug|Any CPU.ActiveCfg = Debug|Any CPU
		{363883B2-8384-4595-9335-ECECE5E4BEC0}.Debug|Any CPU.Build.0 = Debug|Any CPU
		{363883B2-8384-4595-9335-ECECE5E4BEC0}.Release|Any CPU.ActiveCfg = Release|Any CPU
		{363883B2-8384-4595-9335-ECECE5E4BEC0}.Release|Any CPU.Build.0 = Release|Any CPU
	EndGlobalSection
	GlobalSection(SolutionProperties) = preSolution
		HideSolutionNode = FALSE
	EndGlobalSection
	GlobalSection(ExtensibilityGlobals) = postSolution
		SolutionGuid = {3A9364C0-5B21-4866-AC25-4B29B5DE502A}
	EndGlobalSection
EndGlobal
